
Microsoft Visual Studio Solution File, Format Version 12.00
# Visual Studio Version 16
VisualStudioVersion = 16.0.31424.327
MinimumVisualStudioVersion = 10.0.40219.1
Project("{FAE04EC0-301F-11D3-BF4B-00C04F79EFBC}") = "Inventory", "Inventory.csproj", "{D2E87BD5-3D20-4C88-8845-2B45FBF02E94}"
EndProject
Global
	GlobalSection(SolutionConfigurationPlatforms) = preSolution
		Debug|Any CPU = Debug|Any CPU
		Release|Any CPU = Release|Any CPU
	EndGlobalSection
	GlobalSection(ProjectConfigurationPlatforms) = postSolution
		{D2E87BD5-3D20-4C88-8845-2B45FBF02E94}.Debug|Any CPU.ActiveCfg = Debug|Any CPU
		{D2E87BD5-3D20-4C88-8845-2B45FBF02E94}.Debug|Any CPU.Build.0 = Debug|Any CPU
		{D2E87BD5-3D20-4C88-8845-2B45FBF02E94}.Release|Any CPU.ActiveCfg = Release|Any CPU
		{D2E87BD5-3D20-4C88-8845-2B45FBF02E94}.Release|Any CPU.Build.0 = Release|Any CPU
	EndGlobalSection
	GlobalSection(SolutionProperties) = preSolution
		HideSolutionNode = FALSE
	EndGlobalSection
	GlobalSection(ExtensibilityGlobals) = postSolution
		SolutionGuid = {DA053E62-3CE0-4F87-A047-0EA040F659AC}
	EndGlobalSection
EndGlobal
